
Microsoft Visual Studio Solution File, Format Version 12.00
# Visual Studio Version 17
VisualStudioVersion = 17.4.33122.133
MinimumVisualStudioVersion = 10.0.40219.1
Project("{8BC9CEB8-8B4A-11D0-8D11-00A0C91BC942}") = "Pointers", "Pointers\Pointers.vcxproj", "{4D7049E2-B053-4CF3-BC9E-13F235301E31}"
EndProject
Project("{8BC9CEB8-8B4A-11D0-8D11-00A0C91BC942}") = "SimpleApp", "SimpleApp\SimpleApp.vcxproj", "{4EEF8C7D-78AC-46F2-A7BE-3201E2F12B5C}"
EndProject
Project("{8BC9CEB8-8B4A-11D0-8D11-00A0C91BC942}") = "MemoryUtils", "MemoryUtils\MemoryUtils.vcxproj", "{DE363319-85D3-4926-BFC7-04F51A6FD3E4}"
EndProject
Global
	GlobalSection(SolutionConfigurationPlatforms) = preSolution
		Debug|x64 = Debug|x64
		Debug|x86 = Debug|x86
		Release|x64 = Release|x64
		Release|x86 = Release|x86
	EndGlobalSection
	GlobalSection(ProjectConfigurationPlatforms) = postSolution
		{4D7049E2-B053-4CF3-BC9E-13F235301E31}.Debug|x64.ActiveCfg = Debug|x64
		{4D7049E2-B053-4CF3-BC9E-13F235301E31}.Debug|x64.Build.0 = Debug|x64
		{4D7049E2-B053-4CF3-BC9E-13F235301E31}.Debug|x86.ActiveCfg = Debug|Win32
		{4D7049E2-B053-4CF3-BC9E-13F235301E31}.Debug|x86.Build.0 = Debug|Win32
		{4D7049E2-B053-4CF3-BC9E-13F235301E31}.Release|x64.ActiveCfg = Release|x64
		{4D7049E2-B053-4CF3-BC9E-13F235301E31}.Release|x64.Build.0 = Release|x64
		{4D7049E2-B053-4CF3-BC9E-13F235301E31}.Release|x86.ActiveCfg = Release|Win32
		{4D7049E2-B053-4CF3-BC9E-13F235301E31}.Release|x86.Build.0 = Release|Win32
		{4EEF8C7D-78AC-46F2-A7BE-3201E2F12B5C}.Debug|x64.ActiveCfg = Debug|x64
		{4EEF8C7D-78AC-46F2-A7BE-3201E2F12B5C}.Debug|x64.Build.0 = Debug|x64
		{4EEF8C7D-78AC-46F2-A7BE-3201E2F12B5C}.Debug|x86.ActiveCfg = Debug|Win32
		{4EEF8C7D-78AC-46F2-A7BE-3201E2F12B5C}.Debug|x86.Build.0 = Debug|Win32
		{4EEF8C7D-78AC-46F2-A7BE-3201E2F12B5C}.Release|x64.ActiveCfg = Release|x64
		{4EEF8C7D-78AC-46F2-A7BE-3201E2F12B5C}.Release|x64.Build.0 = Release|x64
		{4EEF8C7D-78AC-46F2-A7BE-3201E2F12B5C}.Release|x86.ActiveCfg = Release|Win32
		{4EEF8C7D-78AC-46F2-A7BE-3201E2F12B5C}.Release|x86.Build.0 = Release|Win32
		{DE363319-85D3-4926-BFC7-04F51A6FD3E4}.Debug|x64.ActiveCfg = Debug|x64
		{DE363319-85D3-4926-BFC7-04F51A6FD3E4}.Debug|x64.Build.0 = Debug|x64
		{DE363319-85D3-4926-BFC7-04F51A6FD3E4}.Debug|x86.ActiveCfg = Debug|Win32
		{DE363319-85D3-4926-BFC7-04F51A6FD3E4}.Debug|x86.Build.0 = Debug|Win32
		{DE363319-85D3-4926-BFC7-04F51A6FD3E4}.Release|x64.ActiveCfg = Release|x64
		{DE363319-85D3-4926-BFC7-04F51A6FD3E4}.Release|x64.Build.0 = Release|x64
		{DE363319-85D3-4926-BFC7-04F51A6FD3E4}.Release|x86.ActiveCfg = Release|Win32
		{DE363319-85D3-4926-BFC7-04F51A6FD3E4}.Release|x86.Build.0 = Release|Win32
	EndGlobalSection
	GlobalSection(SolutionProperties) = preSolution
		HideSolutionNode = FALSE
	EndGlobalSection
	GlobalSection(ExtensibilityGlobals) = postSolution
		SolutionGuid = {A2AF1457-3E4F-4445-9BC5-7F61811C3245}
	EndGlobalSection
EndGlobal
