
Microsoft Visual Studio Solution File, Format Version 12.00
# Visual Studio Version 17
VisualStudioVersion = 17.4.33122.133
MinimumVisualStudioVersion = 10.0.40219.1
Project("{8BC9CEB8-8B4A-11D0-8D11-00A0C91BC942}") = "Pointers", "Pointers\Pointers.vcxproj", "{4D7049E2-B053-4CF3-BC9E-13F235301E31}"
EndProject
Project("{8BC9CEB8-8B4A-11D0-8D11-00A0C91BC942}") = "SimpleApp", "SimpleApp\SimpleApp.vcxproj", "{4EEF8C7D-78AC-46F2-A7BE-3201E2F12B5C}"
EndProject
Project("{8BC9CEB8-8B4A-11D0-8D11-00A0C91BC942}") = "MemoryUtils", "MemoryUtils\MemoryUtils.vcxproj", "{DE363319-85D3-4926-BFC7-04F51A6FD3E4}"
EndProject
Project("{8BC9CEB8-8B4A-11D0-8D11-00A0C91BC942}") = "INIParser", "INIParser\INIParser.vcxproj", "{A57300E6-EB0D-4CFF-907A-9784BCF00088}"
EndProject
Project("{8BC9CEB8-8B4A-11D0-8D11-00A0C91BC942}") = "INIExplorer", "INIExplorer\INIExplorer.vcxproj", "{6594136E-6417-44D5-9A42-18EABA4ECE37}"
	ProjectSection(ProjectDependencies) = postProject
		{A57300E6-EB0D-4CFF-907A-9784BCF00088} = {A57300E6-EB0D-4CFF-907A-9784BCF00088}
	EndProjectSection
EndProject
Project("{8BC9CEB8-8B4A-11D0-8D11-00A0C91BC942}") = "AdvancedCStructs", "AdvancedCStructs\AdvancedCStructs.vcxproj", "{1A3ACF97-F982-452E-9E7A-BE8905098C19}"
EndProject
Global
	GlobalSection(SolutionConfigurationPlatforms) = preSolution
		Debug|x64 = Debug|x64
		Debug|x86 = Debug|x86
		Release|x64 = Release|x64
		Release|x86 = Release|x86
	EndGlobalSection
	GlobalSection(ProjectConfigurationPlatforms) = postSolution
		{4D7049E2-B053-4CF3-BC9E-13F235301E31}.Debug|x64.ActiveCfg = Debug|x64
		{4D7049E2-B053-4CF3-BC9E-13F235301E31}.Debug|x64.Build.0 = Debug|x64
		{4D7049E2-B053-4CF3-BC9E-13F235301E31}.Debug|x86.ActiveCfg = Debug|Win32
		{4D7049E2-B053-4CF3-BC9E-13F235301E31}.Debug|x86.Build.0 = Debug|Win32
		{4D7049E2-B053-4CF3-BC9E-13F235301E31}.Release|x64.ActiveCfg = Release|x64
		{4D7049E2-B053-4CF3-BC9E-13F235301E31}.Release|x64.Build.0 = Release|x64
		{4D7049E2-B053-4CF3-BC9E-13F235301E31}.Release|x86.ActiveCfg = Release|Win32
		{4D7049E2-B053-4CF3-BC9E-13F235301E31}.Release|x86.Build.0 = Release|Win32
		{4EEF8C7D-78AC-46F2-A7BE-3201E2F12B5C}.Debug|x64.ActiveCfg = Debug|x64
		{4EEF8C7D-78AC-46F2-A7BE-3201E2F12B5C}.Debug|x64.Build.0 = Debug|x64
		{4EEF8C7D-78AC-46F2-A7BE-3201E2F12B5C}.Debug|x86.ActiveCfg = Debug|Win32
		{4EEF8C7D-78AC-46F2-A7BE-3201E2F12B5C}.Debug|x86.Build.0 = Debug|Win32
		{4EEF8C7D-78AC-46F2-A7BE-3201E2F12B5C}.Release|x64.ActiveCfg = Release|x64
		{4EEF8C7D-78AC-46F2-A7BE-3201E2F12B5C}.Release|x64.Build.0 = Release|x64
		{4EEF8C7D-78AC-46F2-A7BE-3201E2F12B5C}.Release|x86.ActiveCfg = Release|Win32
		{4EEF8C7D-78AC-46F2-A7BE-3201E2F12B5C}.Release|x86.Build.0 = Release|Win32
		{DE363319-85D3-4926-BFC7-04F51A6FD3E4}.Debug|x64.ActiveCfg = Debug|x64
		{DE363319-85D3-4926-BFC7-04F51A6FD3E4}.Debug|x64.Build.0 = Debug|x64
		{DE363319-85D3-4926-BFC7-04F51A6FD3E4}.Debug|x86.ActiveCfg = Debug|Win32
		{DE363319-85D3-4926-BFC7-04F51A6FD3E4}.Debug|x86.Build.0 = Debug|Win32
		{DE363319-85D3-4926-BFC7-04F51A6FD3E4}.Release|x64.ActiveCfg = Release|x64
		{DE363319-85D3-4926-BFC7-04F51A6FD3E4}.Release|x64.Build.0 = Release|x64
		{DE363319-85D3-4926-BFC7-04F51A6FD3E4}.Release|x86.ActiveCfg = Release|Win32
		{DE363319-85D3-4926-BFC7-04F51A6FD3E4}.Release|x86.Build.0 = Release|Win32
		{A57300E6-EB0D-4CFF-907A-9784BCF00088}.Debug|x64.ActiveCfg = Debug|x64
		{A57300E6-EB0D-4CFF-907A-9784BCF00088}.Debug|x64.Build.0 = Debug|x64
		{A57300E6-EB0D-4CFF-907A-9784BCF00088}.Debug|x86.ActiveCfg = Debug|Win32
		{A57300E6-EB0D-4CFF-907A-9784BCF00088}.Debug|x86.Build.0 = Debug|Win32
		{A57300E6-EB0D-4CFF-907A-9784BCF00088}.Release|x64.ActiveCfg = Release|x64
		{A57300E6-EB0D-4CFF-907A-9784BCF00088}.Release|x64.Build.0 = Release|x64
		{A57300E6-EB0D-4CFF-907A-9784BCF00088}.Release|x86.ActiveCfg = Release|Win32
		{A57300E6-EB0D-4CFF-907A-9784BCF00088}.Release|x86.Build.0 = Release|Win32
		{6594136E-6417-44D5-9A42-18EABA4ECE37}.Debug|x64.ActiveCfg = Debug|x64
		{6594136E-6417-44D5-9A42-18EABA4ECE37}.Debug|x64.Build.0 = Debug|x64
		{6594136E-6417-44D5-9A42-18EABA4ECE37}.Debug|x86.ActiveCfg = Debug|Win32
		{6594136E-6417-44D5-9A42-18EABA4ECE37}.Debug|x86.Build.0 = Debug|Win32
		{6594136E-6417-44D5-9A42-18EABA4ECE37}.Release|x64.ActiveCfg = Release|x64
		{6594136E-6417-44D5-9A42-18EABA4ECE37}.Release|x64.Build.0 = Release|x64
		{6594136E-6417-44D5-9A42-18EABA4ECE37}.Release|x86.ActiveCfg = Release|Win32
		{6594136E-6417-44D5-9A42-18EABA4ECE37}.Release|x86.Build.0 = Release|Win32
		{1A3ACF97-F982-452E-9E7A-BE8905098C19}.Debug|x64.ActiveCfg = Debug|x64
		{1A3ACF97-F982-452E-9E7A-BE8905098C19}.Debug|x64.Build.0 = Debug|x64
		{1A3ACF97-F982-452E-9E7A-BE8905098C19}.Debug|x86.ActiveCfg = Debug|Win32
		{1A3ACF97-F982-452E-9E7A-BE8905098C19}.Debug|x86.Build.0 = Debug|Win32
		{1A3ACF97-F982-452E-9E7A-BE8905098C19}.Release|x64.ActiveCfg = Release|x64
		{1A3ACF97-F982-452E-9E7A-BE8905098C19}.Release|x64.Build.0 = Release|x64
		{1A3ACF97-F982-452E-9E7A-BE8905098C19}.Release|x86.ActiveCfg = Release|Win32
		{1A3ACF97-F982-452E-9E7A-BE8905098C19}.Release|x86.Build.0 = Release|Win32
	EndGlobalSection
	GlobalSection(SolutionProperties) = preSolution
		HideSolutionNode = FALSE
	EndGlobalSection
	GlobalSection(ExtensibilityGlobals) = postSolution
		SolutionGuid = {A2AF1457-3E4F-4445-9BC5-7F61811C3245}
	EndGlobalSection
EndGlobal
